
Microsoft Visual Studio Solution File, Format Version 12.00
# Visual Studio Version 17
VisualStudioVersion = 17.5.002.0
MinimumVisualStudioVersion = 10.0.40219.1
Project("{9A19103F-16F7-4668-BE54-9A1E7A4F7556}") = "EndlessGame", "EndlessGame.csproj", "{1503CE82-2AEE-4E1D-825E-9E1F50622612}"
EndProject
Global
	GlobalSection(SolutionConfigurationPlatforms) = preSolution
		Debug|Any CPU = Debug|Any CPU
		Release|Any CPU = Release|Any CPU
	EndGlobalSection
	GlobalSection(ProjectConfigurationPlatforms) = postSolution
		{1503CE82-2AEE-4E1D-825E-9E1F50622612}.Debug|Any CPU.ActiveCfg = Debug|Any CPU
		{1503CE82-2AEE-4E1D-825E-9E1F50622612}.Debug|Any CPU.Build.0 = Debug|Any CPU
		{1503CE82-2AEE-4E1D-825E-9E1F50622612}.Release|Any CPU.ActiveCfg = Release|Any CPU
		{1503CE82-2AEE-4E1D-825E-9E1F50622612}.Release|Any CPU.Build.0 = Release|Any CPU
	EndGlobalSection
	GlobalSection(SolutionProperties) = preSolution
		HideSolutionNode = FALSE
	EndGlobalSection
	GlobalSection(ExtensibilityGlobals) = postSolution
		SolutionGuid = {6D7BE1CA-B4F7-4108-9D67-C5508A73BEC2}
	EndGlobalSection
EndGlobal
